
Microsoft Visual Studio Solution File, Format Version 12.00
# Visual Studio Version 17
VisualStudioVersion = 17.8.34525.116
MinimumVisualStudioVersion = 10.0.40219.1
Project("{FAE04EC0-301F-11D3-BF4B-00C04F79EFBC}") = "Week2", "Week2\Week2.csproj", "{6622F0C7-30F9-4688-8BC2-F7D8969DAEFD}"
EndProject
Project("{FAE04EC0-301F-11D3-BF4B-00C04F79EFBC}") = "UserGenderValidation", "UserGenderValidation\UserGenderValidation.csproj", "{06E7A206-D8B5-4319-83AE-58EA2443C32E}"
EndProject
Project("{FAE04EC0-301F-11D3-BF4B-00C04F79EFBC}") = "UserAgeValidation1", "UserAgeValidation1\UserAgeValidation1.csproj", "{C8415652-8865-4C6E-B0AF-3653B2481B93}"
EndProject
Global
	GlobalSection(SolutionConfigurationPlatforms) = preSolution
		Debug|Any CPU = Debug|Any CPU
		Release|Any CPU = Release|Any CPU
	EndGlobalSection
	GlobalSection(ProjectConfigurationPlatforms) = postSolution
		{6622F0C7-30F9-4688-8BC2-F7D8969DAEFD}.Debug|Any CPU.ActiveCfg = Debug|Any CPU
		{6622F0C7-30F9-4688-8BC2-F7D8969DAEFD}.Debug|Any CPU.Build.0 = Debug|Any CPU
		{6622F0C7-30F9-4688-8BC2-F7D8969DAEFD}.Release|Any CPU.ActiveCfg = Release|Any CPU
		{6622F0C7-30F9-4688-8BC2-F7D8969DAEFD}.Release|Any CPU.Build.0 = Release|Any CPU
		{06E7A206-D8B5-4319-83AE-58EA2443C32E}.Debug|Any CPU.ActiveCfg = Debug|Any CPU
		{06E7A206-D8B5-4319-83AE-58EA2443C32E}.Debug|Any CPU.Build.0 = Debug|Any CPU
		{06E7A206-D8B5-4319-83AE-58EA2443C32E}.Release|Any CPU.ActiveCfg = Release|Any CPU
		{06E7A206-D8B5-4319-83AE-58EA2443C32E}.Release|Any CPU.Build.0 = Release|Any CPU
		{C8415652-8865-4C6E-B0AF-3653B2481B93}.Debug|Any CPU.ActiveCfg = Debug|Any CPU
		{C8415652-8865-4C6E-B0AF-3653B2481B93}.Debug|Any CPU.Build.0 = Debug|Any CPU
		{C8415652-8865-4C6E-B0AF-3653B2481B93}.Release|Any CPU.ActiveCfg = Release|Any CPU
		{C8415652-8865-4C6E-B0AF-3653B2481B93}.Release|Any CPU.Build.0 = Release|Any CPU
	EndGlobalSection
	GlobalSection(SolutionProperties) = preSolution
		HideSolutionNode = FALSE
	EndGlobalSection
	GlobalSection(ExtensibilityGlobals) = postSolution
		SolutionGuid = {D22B5DAA-9897-422E-8543-E843984AA302}
	EndGlobalSection
EndGlobal
